
Microsoft Visual Studio Solution File, Format Version 12.00
# Visual Studio Version 16
VisualStudioVersion = 16.0.29025.244
MinimumVisualStudioVersion = 10.0.40219.1
Project("{FAE04EC0-301F-11D3-BF4B-00C04F79EFBC}") = "CustomStack", "CustomStack\CustomStack.csproj", "{7C69762D-823C-4718-B032-BF8ED72BA549}"
EndProject
Global
	GlobalSection(SolutionConfigurationPlatforms) = preSolution
		Debug|Any CPU = Debug|Any CPU
		Release|Any CPU = Release|Any CPU
	EndGlobalSection
	GlobalSection(ProjectConfigurationPlatforms) = postSolution
		{7C69762D-823C-4718-B032-BF8ED72BA549}.Debug|Any CPU.ActiveCfg = Debug|Any CPU
		{7C69762D-823C-4718-B032-BF8ED72BA549}.Debug|Any CPU.Build.0 = Debug|Any CPU
		{7C69762D-823C-4718-B032-BF8ED72BA549}.Release|Any CPU.ActiveCfg = Release|Any CPU
		{7C69762D-823C-4718-B032-BF8ED72BA549}.Release|Any CPU.Build.0 = Release|Any CPU
	EndGlobalSection
	GlobalSection(SolutionProperties) = preSolution
		HideSolutionNode = FALSE
	EndGlobalSection
	GlobalSection(ExtensibilityGlobals) = postSolution
		SolutionGuid = {3A6C27C4-1152-4BF7-AD38-00E57DA2E707}
	EndGlobalSection
EndGlobal
