
Microsoft Visual Studio Solution File, Format Version 12.00
# Visual Studio Version 16
VisualStudioVersion = 16.0.29123.88
MinimumVisualStudioVersion = 10.0.40219.1
Project("{FAE04EC0-301F-11D3-BF4B-00C04F79EFBC}") = "UnitTesting", "UnitTesting\UnitTesting.csproj", "{4C82B097-70CF-4DFB-A832-E03A9002904A}"
EndProject
Project("{FAE04EC0-301F-11D3-BF4B-00C04F79EFBC}") = "UnitTesting.Test", "UnitTesting.Test\UnitTesting.Test.csproj", "{4EA78105-9C26-4F4A-87FC-AB2A3BA9412C}"
EndProject
Global
	GlobalSection(SolutionConfigurationPlatforms) = preSolution
		Debug|Any CPU = Debug|Any CPU
		Release|Any CPU = Release|Any CPU
	EndGlobalSection
	GlobalSection(ProjectConfigurationPlatforms) = postSolution
		{4C82B097-70CF-4DFB-A832-E03A9002904A}.Debug|Any CPU.ActiveCfg = Debug|Any CPU
		{4C82B097-70CF-4DFB-A832-E03A9002904A}.Debug|Any CPU.Build.0 = Debug|Any CPU
		{4C82B097-70CF-4DFB-A832-E03A9002904A}.Release|Any CPU.ActiveCfg = Release|Any CPU
		{4C82B097-70CF-4DFB-A832-E03A9002904A}.Release|Any CPU.Build.0 = Release|Any CPU
		{4EA78105-9C26-4F4A-87FC-AB2A3BA9412C}.Debug|Any CPU.ActiveCfg = Debug|Any CPU
		{4EA78105-9C26-4F4A-87FC-AB2A3BA9412C}.Debug|Any CPU.Build.0 = Debug|Any CPU
		{4EA78105-9C26-4F4A-87FC-AB2A3BA9412C}.Release|Any CPU.ActiveCfg = Release|Any CPU
		{4EA78105-9C26-4F4A-87FC-AB2A3BA9412C}.Release|Any CPU.Build.0 = Release|Any CPU
	EndGlobalSection
	GlobalSection(SolutionProperties) = preSolution
		HideSolutionNode = FALSE
	EndGlobalSection
	GlobalSection(ExtensibilityGlobals) = postSolution
		SolutionGuid = {A50166FB-41EB-4E28-B600-CA3BDC68DB34}
	EndGlobalSection
EndGlobal
